// !$*UTF8*$!
{
	archiveVersion = 1;
	classes = {
	};
	objectVersion = 46;
	objects = {

/* Begin PBXBuildFile section */
		D1376FFC18AC30D6009B835B /* Foundation.framework in Frameworks */ = {isa = PBXBuildFile; fileRef = D1376FFB18AC30D6009B835B /* Foundation.framework */; };
		D1376FFE18AC30D6009B835B /* CoreGraphics.framework in Frameworks */ = {isa = PBXBuildFile; fileRef = D1376FFD18AC30D6009B835B /* CoreGraphics.framework */; };
		D137700018AC30D6009B835B /* UIKit.framework in Frameworks */ = {isa = PBXBuildFile; fileRef = D1376FFF18AC30D6009B835B /* UIKit.framework */; };
		D137700618AC30D6009B835B /* InfoPlist.strings in Resources */ = {isa = PBXBuildFile; fileRef = D137700418AC30D6009B835B /* InfoPlist.strings */; };
		D137700818AC30D6009B835B /* main.m in Sources */ = {isa = PBXBuildFile; fileRef = D137700718AC30D6009B835B /* main.m */; };
		D137700C18AC30D6009B835B /* AppDelegate.m in Sources */ = {isa = PBXBuildFile; fileRef = D137700B18AC30D6009B835B /* AppDelegate.m */; };
		D137700F18AC30D6009B835B /* Main.storyboard in Resources */ = {isa = PBXBuildFile; fileRef = D137700D18AC30D6009B835B /* Main.storyboard */; };
		D137701218AC30D6009B835B /* ViewController.m in Sources */ = {isa = PBXBuildFile; fileRef = D137701118AC30D6009B835B /* ViewController.m */; };
		D137701418AC30D6009B835B /* Images.xcassets in Resources */ = {isa = PBXBuildFile; fileRef = D137701318AC30D6009B835B /* Images.xcassets */; };
		D137701B18AC30D7009B835B /* XCTest.framework in Frameworks */ = {isa = PBXBuildFile; fileRef = D137701A18AC30D7009B835B /* XCTest.framework */; };
		D137701C18AC30D7009B835B /* Foundation.framework in Frameworks */ = {isa = PBXBuildFile; fileRef = D1376FFB18AC30D6009B835B /* Foundation.framework */; };
		D137701D18AC30D7009B835B /* UIKit.framework in Frameworks */ = {isa = PBXBuildFile; fileRef = D1376FFF18AC30D6009B835B /* UIKit.framework */; };
		D137702518AC30D7009B835B /* InfoPlist.strings in Resources */ = {isa = PBXBuildFile; fileRef = D137702318AC30D7009B835B /* InfoPlist.strings */; };
		D137702718AC30D7009B835B /* DATBlurSegueTests.m in Sources */ = {isa = PBXBuildFile; fileRef = D137702618AC30D7009B835B /* DATBlurSegueTests.m */; };
		D137703418AC30E8009B835B /* DATBlurView.m in Sources */ = {isa = PBXBuildFile; fileRef = D137703118AC30E8009B835B /* DATBlurView.m */; };
		D137703518AC30E8009B835B /* DATBlurSegue.m in Sources */ = {isa = PBXBuildFile; fileRef = D137703318AC30E8009B835B /* DATBlurSegue.m */; };
/* End PBXBuildFile section */

/* Begin PBXContainerItemProxy section */
		D137701E18AC30D7009B835B /* PBXContainerItemProxy */ = {
			isa = PBXContainerItemProxy;
			containerPortal = D1376FF018AC30D6009B835B /* Project object */;
			proxyType = 1;
			remoteGlobalIDString = D1376FF718AC30D6009B835B;
			remoteInfo = DATBlurSegue;
		};
/* End PBXContainerItemProxy section */

/* Begin PBXFileReference section */
		D1376FF818AC30D6009B835B /* DATBlurSegue.app */ = {isa = PBXFileReference; explicitFileType = wrapper.application; includeInIndex = 0; path = DATBlurSegue.app; sourceTree = BUILT_PRODUCTS_DIR; };
		D1376FFB18AC30D6009B835B /* Foundation.framework */ = {isa = PBXFileReference; lastKnownFileType = wrapper.framework; name = Foundation.framework; path = System/Library/Frameworks/Foundation.framework; sourceTree = SDKROOT; };
		D1376FFD18AC30D6009B835B /* CoreGraphics.framework */ = {isa = PBXFileReference; lastKnownFileType = wrapper.framework; name = CoreGraphics.framework; path = System/Library/Frameworks/CoreGraphics.framework; sourceTree = SDKROOT; };
		D1376FFF18AC30D6009B835B /* UIKit.framework */ = {isa = PBXFileReference; lastKnownFileType = wrapper.framework; name = UIKit.framework; path = System/Library/Frameworks/UIKit.framework; sourceTree = SDKROOT; };
		D137700318AC30D6009B835B /* DATBlurSegue-Info.plist */ = {isa = PBXFileReference; lastKnownFileType = text.plist.xml; path = "DATBlurSegue-Info.plist"; sourceTree = "<group>"; };
		D137700518AC30D6009B835B /* en */ = {isa = PBXFileReference; lastKnownFileType = text.plist.strings; name = en; path = en.lproj/InfoPlist.strings; sourceTree = "<group>"; };
		D137700718AC30D6009B835B /* main.m */ = {isa = PBXFileReference; lastKnownFileType = sourcecode.c.objc; path = main.m; sourceTree = "<group>"; };
		D137700918AC30D6009B835B /* DATBlurSegue-Prefix.pch */ = {isa = PBXFileReference; lastKnownFileType = sourcecode.c.h; path = "DATBlurSegue-Prefix.pch"; sourceTree = "<group>"; };
		D137700A18AC30D6009B835B /* AppDelegate.h */ = {isa = PBXFileReference; lastKnownFileType = sourcecode.c.h; path = AppDelegate.h; sourceTree = "<group>"; };
		D137700B18AC30D6009B835B /* AppDelegate.m */ = {isa = PBXFileReference; lastKnownFileType = sourcecode.c.objc; path = AppDelegate.m; sourceTree = "<group>"; };
		D137700E18AC30D6009B835B /* Base */ = {isa = PBXFileReference; lastKnownFileType = file.storyboard; name = Base; path = Base.lproj/Main.storyboard; sourceTree = "<group>"; };
		D137701018AC30D6009B835B /* ViewController.h */ = {isa = PBXFileReference; lastKnownFileType = sourcecode.c.h; path = ViewController.h; sourceTree = "<group>"; };
		D137701118AC30D6009B835B /* ViewController.m */ = {isa = PBXFileReference; lastKnownFileType = sourcecode.c.objc; path = ViewController.m; sourceTree = "<group>"; };
		D137701318AC30D6009B835B /* Images.xcassets */ = {isa = PBXFileReference; lastKnownFileType = folder.assetcatalog; path = Images.xcassets; sourceTree = "<group>"; };
		D137701918AC30D7009B835B /* DATBlurSegueTests.xctest */ = {isa = PBXFileReference; explicitFileType = wrapper.cfbundle; includeInIndex = 0; path = DATBlurSegueTests.xctest; sourceTree = BUILT_PRODUCTS_DIR; };
		D137701A18AC30D7009B835B /* XCTest.framework */ = {isa = PBXFileReference; lastKnownFileType = wrapper.framework; name = XCTest.framework; path = Library/Frameworks/XCTest.framework; sourceTree = DEVELOPER_DIR; };
		D137702218AC30D7009B835B /* DATBlurSegueTests-Info.plist */ = {isa = PBXFileReference; lastKnownFileType = text.plist.xml; path = "DATBlurSegueTests-Info.plist"; sourceTree = "<group>"; };
		D137702418AC30D7009B835B /* en */ = {isa = PBXFileReference; lastKnownFileType = text.plist.strings; name = en; path = en.lproj/InfoPlist.strings; sourceTree = "<group>"; };
		D137702618AC30D7009B835B /* DATBlurSegueTests.m */ = {isa = PBXFileReference; lastKnownFileType = sourcecode.c.objc; path = DATBlurSegueTests.m; sourceTree = "<group>"; };
		D137703018AC30E8009B835B /* DATBlurView.h */ = {isa = PBXFileReference; fileEncoding = 4; lastKnownFileType = sourcecode.c.h; path = DATBlurView.h; sourceTree = "<group>"; };
		D137703118AC30E8009B835B /* DATBlurView.m */ = {isa = PBXFileReference; fileEncoding = 4; lastKnownFileType = sourcecode.c.objc; path = DATBlurView.m; sourceTree = "<group>"; };
		D137703218AC30E8009B835B /* DATBlurSegue.h */ = {isa = PBXFileReference; fileEncoding = 4; lastKnownFileType = sourcecode.c.h; path = DATBlurSegue.h; sourceTree = "<group>"; };
		D137703318AC30E8009B835B /* DATBlurSegue.m */ = {isa = PBXFileReference; fileEncoding = 4; lastKnownFileType = sourcecode.c.objc; path = DATBlurSegue.m; sourceTree = "<group>"; };
/* End PBXFileReference section */

/* Begin PBXFrameworksBuildPhase section */
		D1376FF518AC30D6009B835B /* Frameworks */ = {
			isa = PBXFrameworksBuildPhase;
			buildActionMask = 2147483647;
			files = (
				D1376FFE18AC30D6009B835B /* CoreGraphics.framework in Frameworks */,
				D137700018AC30D6009B835B /* UIKit.framework in Frameworks */,
				D1376FFC18AC30D6009B835B /* Foundation.framework in Frameworks */,
			);
			runOnlyForDeploymentPostprocessing = 0;
		};
		D137701618AC30D7009B835B /* Frameworks */ = {
			isa = PBXFrameworksBuildPhase;
			buildActionMask = 2147483647;
			files = (
				D137701B18AC30D7009B835B /* XCTest.framework in Frameworks */,
				D137701D18AC30D7009B835B /* UIKit.framework in Frameworks */,
				D137701C18AC30D7009B835B /* Foundation.framework in Frameworks */,
			);
			runOnlyForDeploymentPostprocessing = 0;
		};
/* End PBXFrameworksBuildPhase section */

/* Begin PBXGroup section */
		D1376FEF18AC30D6009B835B = {
			isa = PBXGroup;
			children = (
				D137700118AC30D6009B835B /* DATBlurSegue */,
				D137702018AC30D7009B835B /* DATBlurSegueTests */,
				D1376FFA18AC30D6009B835B /* Frameworks */,
				D1376FF918AC30D6009B835B /* Products */,
			);
			sourceTree = "<group>";
		};
		D1376FF918AC30D6009B835B /* Products */ = {
			isa = PBXGroup;
			children = (
				D1376FF818AC30D6009B835B /* DATBlurSegue.app */,
				D137701918AC30D7009B835B /* DATBlurSegueTests.xctest */,
			);
			name = Products;
			sourceTree = "<group>";
		};
		D1376FFA18AC30D6009B835B /* Frameworks */ = {
			isa = PBXGroup;
			children = (
				D1376FFB18AC30D6009B835B /* Foundation.framework */,
				D1376FFD18AC30D6009B835B /* CoreGraphics.framework */,
				D1376FFF18AC30D6009B835B /* UIKit.framework */,
				D137701A18AC30D7009B835B /* XCTest.framework */,
			);
			name = Frameworks;
			sourceTree = "<group>";
		};
		D137700118AC30D6009B835B /* DATBlurSegue */ = {
			isa = PBXGroup;
			children = (
				D137703018AC30E8009B835B /* DATBlurView.h */,
				D137703118AC30E8009B835B /* DATBlurView.m */,
				D137703218AC30E8009B835B /* DATBlurSegue.h */,
				D137703318AC30E8009B835B /* DATBlurSegue.m */,
				D137700A18AC30D6009B835B /* AppDelegate.h */,
				D137700B18AC30D6009B835B /* AppDelegate.m */,
				D137700D18AC30D6009B835B /* Main.storyboard */,
				D137701018AC30D6009B835B /* ViewController.h */,
				D137701118AC30D6009B835B /* ViewController.m */,
				D137701318AC30D6009B835B /* Images.xcassets */,
				D137700218AC30D6009B835B /* Supporting Files */,
			);
			path = DATBlurSegue;
			sourceTree = "<group>";
		};
		D137700218AC30D6009B835B /* Supporting Files */ = {
			isa = PBXGroup;
			children = (
				D137700318AC30D6009B835B /* DATBlurSegue-Info.plist */,
				D137700418AC30D6009B835B /* InfoPlist.strings */,
				D137700718AC30D6009B835B /* main.m */,
				D137700918AC30D6009B835B /* DATBlurSegue-Prefix.pch */,
			);
			name = "Supporting Files";
			sourceTree = "<group>";
		};
		D137702018AC30D7009B835B /* DATBlurSegueTests */ = {
			isa = PBXGroup;
			children = (
				D137702618AC30D7009B835B /* DATBlurSegueTests.m */,
				D137702118AC30D7009B835B /* Supporting Files */,
			);
			path = DATBlurSegueTests;
			sourceTree = "<group>";
		};
		D137702118AC30D7009B835B /* Supporting Files */ = {
			isa = PBXGroup;
			children = (
				D137702218AC30D7009B835B /* DATBlurSegueTests-Info.plist */,
				D137702318AC30D7009B835B /* InfoPlist.strings */,
			);
			name = "Supporting Files";
			sourceTree = "<group>";
		};
/* End PBXGroup section */

/* Begin PBXNativeTarget section */
		D1376FF718AC30D6009B835B /* DATBlurSegue */ = {
			isa = PBXNativeTarget;
			buildConfigurationList = D137702A18AC30D7009B835B /* Build configuration list for PBXNativeTarget "DATBlurSegue" */;
			buildPhases = (
				D1376FF418AC30D6009B835B /* Sources */,
				D1376FF518AC30D6009B835B /* Frameworks */,
				D1376FF618AC30D6009B835B /* Resources */,
			);
			buildRules = (
			);
			dependencies = (
			);
			name = DATBlurSegue;
			productName = DATBlurSegue;
			productReference = D1376FF818AC30D6009B835B /* DATBlurSegue.app */;
			productType = "com.apple.product-type.application";
		};
		D137701818AC30D7009B835B /* DATBlurSegueTests */ = {
			isa = PBXNativeTarget;
			buildConfigurationList = D137702D18AC30D7009B835B /* Build configuration list for PBXNativeTarget "DATBlurSegueTests" */;
			buildPhases = (
				D137701518AC30D7009B835B /* Sources */,
				D137701618AC30D7009B835B /* Frameworks */,
				D137701718AC30D7009B835B /* Resources */,
			);
			buildRules = (
			);
			dependencies = (
				D137701F18AC30D7009B835B /* PBXTargetDependency */,
			);
			name = DATBlurSegueTests;
			productName = DATBlurSegueTests;
			productReference = D137701918AC30D7009B835B /* DATBlurSegueTests.xctest */;
			productType = "com.apple.product-type.bundle.unit-test";
		};
/* End PBXNativeTarget section */

/* Begin PBXProject section */
		D1376FF018AC30D6009B835B /* Project object */ = {
			isa = PBXProject;
			attributes = {
				LastUpgradeCheck = 0500;
				ORGANIZATIONNAME = DATInc;
				TargetAttributes = {
					D137701818AC30D7009B835B = {
						TestTargetID = D1376FF718AC30D6009B835B;
					};
				};
			};
			buildConfigurationList = D1376FF318AC30D6009B835B /* Build configuration list for PBXProject "DATBlurSegue" */;
			compatibilityVersion = "Xcode 3.2";
			developmentRegion = English;
			hasScannedForEncodings = 0;
			knownRegions = (
				en,
				Base,
			);
			mainGroup = D1376FEF18AC30D6009B835B;
			productRefGroup = D1376FF918AC30D6009B835B /* Products */;
			projectDirPath = "";
			projectRoot = "";
			targets = (
				D1376FF718AC30D6009B835B /* DATBlurSegue */,
				D137701818AC30D7009B835B /* DATBlurSegueTests */,
			);
		};
/* End PBXProject section */

/* Begin PBXResourcesBuildPhase section */
		D1376FF618AC30D6009B835B /* Resources */ = {
			isa = PBXResourcesBuildPhase;
			buildActionMask = 2147483647;
			files = (
				D137701418AC30D6009B835B /* Images.xcassets in Resources */,
				D137700618AC30D6009B835B /* InfoPlist.strings in Resources */,
				D137700F18AC30D6009B835B /* Main.storyboard in Resources */,
			);
			runOnlyForDeploymentPostprocessing = 0;
		};
		D137701718AC30D7009B835B /* Resources */ = {
			isa = PBXResourcesBuildPhase;
			buildActionMask = 2147483647;
			files = (
				D137702518AC30D7009B835B /* InfoPlist.strings in Resources */,
			);
			runOnlyForDeploymentPostprocessing = 0;
		};
/* End PBXResourcesBuildPhase section */

/* Begin PBXSourcesBuildPhase section */
		D1376FF418AC30D6009B835B /* Sources */ = {
			isa = PBXSourcesBuildPhase;
			buildActionMask = 2147483647;
			files = (
				D137701218AC30D6009B835B /* ViewController.m in Sources */,
				D137703518AC30E8009B835B /* DATBlurSegue.m in Sources */,
				D137703418AC30E8009B835B /* DATBlurView.m in Sources */,
				D137700C18AC30D6009B835B /* AppDelegate.m in Sources */,
				D137700818AC30D6009B835B /* main.m in Sources */,
			);
			runOnlyForDeploymentPostprocessing = 0;
		};
		D137701518AC30D7009B835B /* Sources */ = {
			isa = PBXSourcesBuildPhase;
			buildActionMask = 2147483647;
			files = (
				D137702718AC30D7009B835B /* DATBlurSegueTests.m in Sources */,
			);
			runOnlyForDeploymentPostprocessing = 0;
		};
/* End PBXSourcesBuildPhase section */

/* Begin PBXTargetDependency section */
		D137701F18AC30D7009B835B /* PBXTargetDependency */ = {
			isa = PBXTargetDependency;
			target = D1376FF718AC30D6009B835B /* DATBlurSegue */;
			targetProxy = D137701E18AC30D7009B835B /* PBXContainerItemProxy */;
		};
/* End PBXTargetDependency section */

/* Begin PBXVariantGroup section */
		D137700418AC30D6009B835B /* InfoPlist.strings */ = {
			isa = PBXVariantGroup;
			children = (
				D137700518AC30D6009B835B /* en */,
			);
			name = InfoPlist.strings;
			sourceTree = "<group>";
		};
		D137700D18AC30D6009B835B /* Main.storyboard */ = {
			isa = PBXVariantGroup;
			children = (
				D137700E18AC30D6009B835B /* Base */,
			);
			name = Main.storyboard;
			sourceTree = "<group>";
		};
		D137702318AC30D7009B835B /* InfoPlist.strings */ = {
			isa = PBXVariantGroup;
			children = (
				D137702418AC30D7009B835B /* en */,
			);
			name = InfoPlist.strings;
			sourceTree = "<group>";
		};
/* End PBXVariantGroup section */

/* Begin XCBuildConfiguration section */
		D137702818AC30D7009B835B /* Debug */ = {
			isa = XCBuildConfiguration;
			buildSettings = {
				ALWAYS_SEARCH_USER_PATHS = NO;
				ARCHS = "$(ARCHS_STANDARD_INCLUDING_64_BIT)";
				CLANG_CXX_LANGUAGE_STANDARD = "gnu++0x";
				CLANG_CXX_LIBRARY = "libc++";
				CLANG_ENABLE_MODULES = YES;
				CLANG_ENABLE_OBJC_ARC = YES;
				CLANG_WARN_BOOL_CONVERSION = YES;
				CLANG_WARN_CONSTANT_CONVERSION = YES;
				CLANG_WARN_DIRECT_OBJC_ISA_USAGE = YES_ERROR;
				CLANG_WARN_EMPTY_BODY = YES;
				CLANG_WARN_ENUM_CONVERSION = YES;
				CLANG_WARN_INT_CONVERSION = YES;
				CLANG_WARN_OBJC_ROOT_CLASS = YES_ERROR;
				CLANG_WARN__DUPLICATE_METHOD_MATCH = YES;
				"CODE_SIGN_IDENTITY[sdk=iphoneos*]" = "iPhone Developer";
				COPY_PHASE_STRIP = NO;
				GCC_C_LANGUAGE_STANDARD = gnu99;
				GCC_DYNAMIC_NO_PIC = NO;
				GCC_OPTIMIZATION_LEVEL = 0;
				GCC_PREPROCESSOR_DEFINITIONS = (
					"DEBUG=1",
					"$(inherited)",
				);
				GCC_SYMBOLS_PRIVATE_EXTERN = NO;
				GCC_WARN_64_TO_32_BIT_CONVERSION = YES;
				GCC_WARN_ABOUT_RETURN_TYPE = YES_ERROR;
				GCC_WARN_UNDECLARED_SELECTOR = YES;
				GCC_WARN_UNINITIALIZED_AUTOS = YES;
				GCC_WARN_UNUSED_FUNCTION = YES;
				GCC_WARN_UNUSED_VARIABLE = YES;
				IPHONEOS_DEPLOYMENT_TARGET = 7.0;
				ONLY_ACTIVE_ARCH = YES;
				SDKROOT = iphoneos;
			};
			name = Debug;
		};
		D137702918AC30D7009B835B /* Release */ = {
			isa = XCBuildConfiguration;
			buildSettings = {
				ALWAYS_SEARCH_USER_PATHS = NO;
				ARCHS = "$(ARCHS_STANDARD_INCLUDING_64_BIT)";
				CLANG_CXX_LANGUAGE_STANDARD = "gnu++0x";
				CLANG_CXX_LIBRARY = "libc++";
				CLANG_ENABLE_MODULES = YES;
				CLANG_ENABLE_OBJC_ARC = YES;
				CLANG_WARN_BOOL_CONVERSION = YES;
				CLANG_WARN_CONSTANT_CONVERSION = YES;
				CLANG_WARN_DIRECT_OBJC_ISA_USAGE = YES_ERROR;
				CLANG_WARN_EMPTY_BODY = YES;
				CLANG_WARN_ENUM_CONVERSION = YES;
				CLANG_WARN_INT_CONVERSION = YES;
				CLANG_WARN_OBJC_ROOT_CLASS = YES_ERROR;
				CLANG_WARN__DUPLICATE_METHOD_MATCH = YES;
				"CODE_SIGN_IDENTITY[sdk=iphoneos*]" = "iPhone Developer";
				COPY_PHASE_STRIP = YES;
				ENABLE_NS_ASSERTIONS = NO;
				GCC_C_LANGUAGE_STANDARD = gnu99;
				GCC_WARN_64_TO_32_BIT_CONVERSION = YES;
				GCC_WARN_ABOUT_RETURN_TYPE = YES_ERROR;
				GCC_WARN_UNDECLARED_SELECTOR = YES;
				GCC_WARN_UNINITIALIZED_AUTOS = YES;
				GCC_WARN_UNUSED_FUNCTION = YES;
				GCC_WARN_UNUSED_VARIABLE = YES;
				IPHONEOS_DEPLOYMENT_TARGET = 7.0;
				SDKROOT = iphoneos;
				VALIDATE_PRODUCT = YES;
			};
			name = Release;
		};
		D137702B18AC30D7009B835B /* Debug */ = {
			isa = XCBuildConfiguration;
			buildSettings = {
				ASSETCATALOG_COMPILER_APPICON_NAME = AppIcon;
				ASSETCATALOG_COMPILER_LAUNCHIMAGE_NAME = LaunchImage;
				GCC_PRECOMPILE_PREFIX_HEADER = YES;
				GCC_PREFIX_HEADER = "DATBlurSegue/DATBlurSegue-Prefix.pch";
				INFOPLIST_FILE = "DATBlurSegue/DATBlurSegue-Info.plist";
				PRODUCT_NAME = "$(TARGET_NAME)";
				WRAPPER_EXTENSION = app;
			};
			name = Debug;
		};
		D137702C18AC30D7009B835B /* Release */ = {
			isa = XCBuildConfiguration;
			buildSettings = {
				ASSETCATALOG_COMPILER_APPICON_NAME = AppIcon;
				ASSETCATALOG_COMPILER_LAUNCHIMAGE_NAME = LaunchImage;
				GCC_PRECOMPILE_PREFIX_HEADER = YES;
				GCC_PREFIX_HEADER = "DATBlurSegue/DATBlurSegue-Prefix.pch";
				INFOPLIST_FILE = "DATBlurSegue/DATBlurSegue-Info.plist";
				PRODUCT_NAME = "$(TARGET_NAME)";
				WRAPPER_EXTENSION = app;
			};
			name = Release;
		};
		D137702E18AC30D7009B835B /* Debug */ = {
			isa = XCBuildConfiguration;
			buildSettings = {
				ARCHS = "$(ARCHS_STANDARD_INCLUDING_64_BIT)";
				BUNDLE_LOADER = "$(BUILT_PRODUCTS_DIR)/DATBlurSegue.app/DATBlurSegue";
				FRAMEWORK_SEARCH_PATHS = (
					"$(SDKROOT)/Developer/Library/Frameworks",
					"$(inherited)",
					"$(DEVELOPER_FRAMEWORKS_DIR)",
				);
				GCC_PRECOMPILE_PREFIX_HEADER = YES;
				GCC_PREFIX_HEADER = "DATBlurSegue/DATBlurSegue-Prefix.pch";
				GCC_PREPROCESSOR_DEFINITIONS = (
					"DEBUG=1",
					"$(inherited)",
				);
				INFOPLIST_FILE = "DATBlurSegueTests/DATBlurSegueTests-Info.plist";
				PRODUCT_NAME = "$(TARGET_NAME)";
				TEST_HOST = "$(BUNDLE_LOADER)";
				WRAPPER_EXTENSION = xctest;
			};
			name = Debug;
		};
		D137702F18AC30D7009B835B /* Release */ = {
			isa = XCBuildConfiguration;
			buildSettings = {
				ARCHS = "$(ARCHS_STANDARD_INCLUDING_64_BIT)";
				BUNDLE_LOADER = "$(BUILT_PRODUCTS_DIR)/DATBlurSegue.app/DATBlurSegue";
				FRAMEWORK_SEARCH_PATHS = (
					"$(SDKROOT)/Developer/Library/Frameworks",
					"$(inherited)",
					"$(DEVELOPER_FRAMEWORKS_DIR)",
				);
				GCC_PRECOMPILE_PREFIX_HEADER = YES;
				GCC_PREFIX_HEADER = "DATBlurSegue/DATBlurSegue-Prefix.pch";
				INFOPLIST_FILE = "DATBlurSegueTests/DATBlurSegueTests-Info.plist";
				PRODUCT_NAME = "$(TARGET_NAME)";
				TEST_HOST = "$(BUNDLE_LOADER)";
				WRAPPER_EXTENSION = xctest;
			};
			name = Release;
		};
/* End XCBuildConfiguration section */

/* Begin XCConfigurationList section */
		D1376FF318AC30D6009B835B /* Build configuration list for PBXProject "DATBlurSegue" */ = {
			isa = XCConfigurationList;
			buildConfigurations = (
				D137702818AC30D7009B835B /* Debug */,
				D137702918AC30D7009B835B /* Release */,
			);
			defaultConfigurationIsVisible = 0;
			defaultConfigurationName = Release;
		};
		D137702A18AC30D7009B835B /* Build configuration list for PBXNativeTarget "DATBlurSegue" */ = {
			isa = XCConfigurationList;
			buildConfigurations = (
				D137702B18AC30D7009B835B /* Debug */,
				D137702C18AC30D7009B835B /* Release */,
			);
			defaultConfigurationIsVisible = 0;
		};
		D137702D18AC30D7009B835B /* Build configuration list for PBXNativeTarget "DATBlurSegueTests" */ = {
			isa = XCConfigurationList;
			buildConfigurations = (
				D137702E18AC30D7009B835B /* Debug */,
				D137702F18AC30D7009B835B /* Release */,
			);
			defaultConfigurationIsVisible = 0;
		};
/* End XCConfigurationList section */
	};
	rootObject = D1376FF018AC30D6009B835B /* Project object */;
}
